<?xml version="1.0" encoding="utf-8"?>
<Project ToolsVersion="4.0" xmlns="http://schemas.microsoft.com/developer/msbuild/2003">
  <ItemGroup>
    <Filter Include="Source Files">
      <UniqueIdentifier>{4FC737F1-C7A5-4376-A066-2A32D752A2FF}</UniqueIdentifier>
      <Extensions>cpp;c;cc;cxx;c++;cppm;ixx;def;odl;idl;hpj;bat;asm;asmx</Extensions>
    </Filter>
    <Filter Include="Header Files">
      <UniqueIdentifier>{93995380-89BD-4b04-88EB-625FBE52EBFB}</UniqueIdentifier>
      <Extensions>h;hh;hpp;hxx;h++;hm;inl;inc;ipp;xsd</Extensions>
    </Filter>
    <Filter Include="Resource Files">
      <UniqueIdentifier>{67DA6AB6-F800-4c08-8B7A-83BB121AAD01}</UniqueIdentifier>
      <Extensions>rc;ico;cur;bmp;dlg;rc2;rct;bin;rgs;gif;jpg;jpeg;jpe;resx;tiff;tif;png;wav;mfcribbon-ms</Extensions>
    </Filter>
    <Filter Include="State">
      <UniqueIdentifier>{52738617-73a0-41f6-8309-2c20cdf6592a}</UniqueIdentifier>
    </Filter>
    <Filter Include="Trie">
      <UniqueIdentifier>{cbc2ae7f-1b60-44e9-83f9-bb798f0fed0b}</UniqueIdentifier>
    </Filter>
    <Filter Include="WordDetail">
      <UniqueIdentifier>{11bd907e-e513-41ef-b48b-74da966a0a4e}</UniqueIdentifier>
    </Filter>
    <Filter Include="Entities">
      <UniqueIdentifier>{9c2f6722-1130-439a-9b73-20302da41dee}</UniqueIdentifier>
    </Filter>
    <Filter Include="Animations">
      <UniqueIdentifier>{231942f3-dd97-4b0a-ba09-09225f76a021}</UniqueIdentifier>
    </Filter>
  </ItemGroup>
  <ItemGroup>
    <ClCompile Include="FinalProjectCS163.cpp">
      <Filter>Source Files</Filter>
    </ClCompile>
    <ClCompile Include="Dictionary.cpp">
      <Filter>Source Files</Filter>
    </ClCompile>
    <ClCompile Include="State.cpp">
      <Filter>State</Filter>
    </ClCompile>
    <ClCompile Include="MainMenuState.cpp">
      <Filter>State</Filter>
    </ClCompile>
    <ClCompile Include="GameState.cpp">
      <Filter>State</Filter>
    </ClCompile>
    <ClCompile Include="CellController.cpp">
      <Filter>Resource Files</Filter>
    </ClCompile>
    <ClCompile Include="Cell.cpp">
      <Filter>Resource Files</Filter>
    </ClCompile>
    <ClCompile Include="Button.cpp">
      <Filter>Resource Files</Filter>
    </ClCompile>
    <ClCompile Include="SearchList.cpp">
      <Filter>Source Files</Filter>
    </ClCompile>
    <ClCompile Include="TrieNode.cpp">
      <Filter>Trie</Filter>
    </ClCompile>
    <ClCompile Include="Trie.cpp">
      <Filter>Trie</Filter>
    </ClCompile>
    <ClCompile Include="DATASET.cpp">
      <Filter>Source Files</Filter>
    </ClCompile>
    <ClCompile Include="WordDetail.cpp">
      <Filter>WordDetail</Filter>
    </ClCompile>
    <ClCompile Include="Entity.cpp">
      <Filter>Entities</Filter>
    </ClCompile>
    <ClCompile Include="BackgroundAnimations.cpp">
      <Filter>Animations</Filter>
    </ClCompile>
  </ItemGroup>
  <ItemGroup>
    <ClInclude Include="Dictionary.h">
      <Filter>Header Files</Filter>
    </ClInclude>
    <ClInclude Include="State.h">
      <Filter>State</Filter>
    </ClInclude>
    <ClInclude Include="MainMenuState.h">
      <Filter>State</Filter>
    </ClInclude>
    <ClInclude Include="GameState.h">
      <Filter>State</Filter>
    </ClInclude>
    <ClInclude Include="CellController.h">
      <Filter>Resource Files</Filter>
    </ClInclude>
    <ClInclude Include="Button.h">
      <Filter>Resource Files</Filter>
    </ClInclude>
    <ClInclude Include="Cell.h">
      <Filter>Resource Files</Filter>
    </ClInclude>
    <ClInclude Include="SearchList.h">
      <Filter>Header Files</Filter>
    </ClInclude>
    <ClInclude Include="TrieNode.h">
      <Filter>Trie</Filter>
    </ClInclude>
    <ClInclude Include="Trie.h">
      <Filter>Trie</Filter>
    </ClInclude>
    <ClInclude Include="DATASET.h">
      <Filter>Header Files</Filter>
    </ClInclude>
    <ClInclude Include="WordDetail.h">
      <Filter>WordDetail</Filter>
    </ClInclude>
    <ClInclude Include="Entity.h">
      <Filter>Entities</Filter>
    </ClInclude>
    <ClInclude Include="BackgroundAnimations.h">
      <Filter>Animations</Filter>
    </ClInclude>
  </ItemGroup>
</Project>